// !$*UTF8*$!
{
	archiveVersion = 1;
	classes = {
	};
	objectVersion = 46;
	objects = {

/* Begin PBXBuildFile section */
		683ABB891EDFB37D00DDA23F /* AppDelegate.swift in Sources */ = {isa = PBXBuildFile; fileRef = 683ABB881EDFB37D00DDA23F /* AppDelegate.swift */; };
		683ABB8B1EDFB37D00DDA23F /* ViewController.swift in Sources */ = {isa = PBXBuildFile; fileRef = 683ABB8A1EDFB37D00DDA23F /* ViewController.swift */; };
		683ABB8E1EDFB37D00DDA23F /* Main.storyboard in Resources */ = {isa = PBXBuildFile; fileRef = 683ABB8C1EDFB37D00DDA23F /* Main.storyboard */; };
		683ABB901EDFB37D00DDA23F /* Assets.xcassets in Resources */ = {isa = PBXBuildFile; fileRef = 683ABB8F1EDFB37D00DDA23F /* Assets.xcassets */; };
		683ABB931EDFB37D00DDA23F /* LaunchScreen.storyboard in Resources */ = {isa = PBXBuildFile; fileRef = 683ABB911EDFB37D00DDA23F /* LaunchScreen.storyboard */; };
		683ABB9E1EDFB37D00DDA23F /* uthink_tutorial_UI_1Tests.swift in Sources */ = {isa = PBXBuildFile; fileRef = 683ABB9D1EDFB37D00DDA23F /* uthink_tutorial_UI_1Tests.swift */; };
		683ABBA91EDFB37D00DDA23F /* uthink_tutorial_UI_1UITests.swift in Sources */ = {isa = PBXBuildFile; fileRef = 683ABBA81EDFB37D00DDA23F /* uthink_tutorial_UI_1UITests.swift */; };
/* End PBXBuildFile section */

/* Begin PBXContainerItemProxy section */
		683ABB9A1EDFB37D00DDA23F /* PBXContainerItemProxy */ = {
			isa = PBXContainerItemProxy;
			containerPortal = 683ABB7D1EDFB37D00DDA23F /* Project object */;
			proxyType = 1;
			remoteGlobalIDString = 683ABB841EDFB37D00DDA23F;
			remoteInfo = "uthink tutorial UI 1";
		};
		683ABBA51EDFB37D00DDA23F /* PBXContainerItemProxy */ = {
			isa = PBXContainerItemProxy;
			containerPortal = 683ABB7D1EDFB37D00DDA23F /* Project object */;
			proxyType = 1;
			remoteGlobalIDString = 683ABB841EDFB37D00DDA23F;
			remoteInfo = "uthink tutorial UI 1";
		};
/* End PBXContainerItemProxy section */

/* Begin PBXFileReference section */
		683ABB851EDFB37D00DDA23F /* uthink tutorial UI 1.app */ = {isa = PBXFileReference; explicitFileType = wrapper.application; includeInIndex = 0; path = "uthink tutorial UI 1.app"; sourceTree = BUILT_PRODUCTS_DIR; };
		683ABB881EDFB37D00DDA23F /* AppDelegate.swift */ = {isa = PBXFileReference; lastKnownFileType = sourcecode.swift; path = AppDelegate.swift; sourceTree = "<group>"; };
		683ABB8A1EDFB37D00DDA23F /* ViewController.swift */ = {isa = PBXFileReference; lastKnownFileType = sourcecode.swift; path = ViewController.swift; sourceTree = "<group>"; };
		683ABB8D1EDFB37D00DDA23F /* Base */ = {isa = PBXFileReference; lastKnownFileType = file.storyboard; name = Base; path = Base.lproj/Main.storyboard; sourceTree = "<group>"; };
		683ABB8F1EDFB37D00DDA23F /* Assets.xcassets */ = {isa = PBXFileReference; lastKnownFileType = folder.assetcatalog; path = Assets.xcassets; sourceTree = "<group>"; };
		683ABB921EDFB37D00DDA23F /* Base */ = {isa = PBXFileReference; lastKnownFileType = file.storyboard; name = Base; path = Base.lproj/LaunchScreen.storyboard; sourceTree = "<group>"; };
		683ABB941EDFB37D00DDA23F /* Info.plist */ = {isa = PBXFileReference; lastKnownFileType = text.plist.xml; path = Info.plist; sourceTree = "<group>"; };
		683ABB991EDFB37D00DDA23F /* uthink tutorial UI 1Tests.xctest */ = {isa = PBXFileReference; explicitFileType = wrapper.cfbundle; includeInIndex = 0; path = "uthink tutorial UI 1Tests.xctest"; sourceTree = BUILT_PRODUCTS_DIR; };
		683ABB9D1EDFB37D00DDA23F /* uthink_tutorial_UI_1Tests.swift */ = {isa = PBXFileReference; lastKnownFileType = sourcecode.swift; path = uthink_tutorial_UI_1Tests.swift; sourceTree = "<group>"; };
		683ABB9F1EDFB37D00DDA23F /* Info.plist */ = {isa = PBXFileReference; lastKnownFileType = text.plist.xml; path = Info.plist; sourceTree = "<group>"; };
		683ABBA41EDFB37D00DDA23F /* uthink tutorial UI 1UITests.xctest */ = {isa = PBXFileReference; explicitFileType = wrapper.cfbundle; includeInIndex = 0; path = "uthink tutorial UI 1UITests.xctest"; sourceTree = BUILT_PRODUCTS_DIR; };
		683ABBA81EDFB37D00DDA23F /* uthink_tutorial_UI_1UITests.swift */ = {isa = PBXFileReference; lastKnownFileType = sourcecode.swift; path = uthink_tutorial_UI_1UITests.swift; sourceTree = "<group>"; };
		683ABBAA1EDFB37D00DDA23F /* Info.plist */ = {isa = PBXFileReference; lastKnownFileType = text.plist.xml; path = Info.plist; sourceTree = "<group>"; };
/* End PBXFileReference section */

/* Begin PBXFrameworksBuildPhase section */
		683ABB821EDFB37D00DDA23F /* Frameworks */ = {
			isa = PBXFrameworksBuildPhase;
			buildActionMask = 2147483647;
			files = (
			);
			runOnlyForDeploymentPostprocessing = 0;
		};
		683ABB961EDFB37D00DDA23F /* Frameworks */ = {
			isa = PBXFrameworksBuildPhase;
			buildActionMask = 2147483647;
			files = (
			);
			runOnlyForDeploymentPostprocessing = 0;
		};
		683ABBA11EDFB37D00DDA23F /* Frameworks */ = {
			isa = PBXFrameworksBuildPhase;
			buildActionMask = 2147483647;
			files = (
			);
			runOnlyForDeploymentPostprocessing = 0;
		};
/* End PBXFrameworksBuildPhase section */

/* Begin PBXGroup section */
		683ABB7C1EDFB37D00DDA23F = {
			isa = PBXGroup;
			children = (
				683ABB871EDFB37D00DDA23F /* uthink tutorial UI 1 */,
				683ABB9C1EDFB37D00DDA23F /* uthink tutorial UI 1Tests */,
				683ABBA71EDFB37D00DDA23F /* uthink tutorial UI 1UITests */,
				683ABB861EDFB37D00DDA23F /* Products */,
			);
			sourceTree = "<group>";
		};
		683ABB861EDFB37D00DDA23F /* Products */ = {
			isa = PBXGroup;
			children = (
				683ABB851EDFB37D00DDA23F /* uthink tutorial UI 1.app */,
				683ABB991EDFB37D00DDA23F /* uthink tutorial UI 1Tests.xctest */,
				683ABBA41EDFB37D00DDA23F /* uthink tutorial UI 1UITests.xctest */,
			);
			name = Products;
			sourceTree = "<group>";
		};
		683ABB871EDFB37D00DDA23F /* uthink tutorial UI 1 */ = {
			isa = PBXGroup;
			children = (
				683ABB881EDFB37D00DDA23F /* AppDelegate.swift */,
				683ABB8A1EDFB37D00DDA23F /* ViewController.swift */,
				683ABB8C1EDFB37D00DDA23F /* Main.storyboard */,
				683ABB8F1EDFB37D00DDA23F /* Assets.xcassets */,
				683ABB911EDFB37D00DDA23F /* LaunchScreen.storyboard */,
				683ABB941EDFB37D00DDA23F /* Info.plist */,
			);
			path = "uthink tutorial UI 1";
			sourceTree = "<group>";
		};
		683ABB9C1EDFB37D00DDA23F /* uthink tutorial UI 1Tests */ = {
			isa = PBXGroup;
			children = (
				683ABB9D1EDFB37D00DDA23F /* uthink_tutorial_UI_1Tests.swift */,
				683ABB9F1EDFB37D00DDA23F /* Info.plist */,
			);
			path = "uthink tutorial UI 1Tests";
			sourceTree = "<group>";
		};
		683ABBA71EDFB37D00DDA23F /* uthink tutorial UI 1UITests */ = {
			isa = PBXGroup;
			children = (
				683ABBA81EDFB37D00DDA23F /* uthink_tutorial_UI_1UITests.swift */,
				683ABBAA1EDFB37D00DDA23F /* Info.plist */,
			);
			path = "uthink tutorial UI 1UITests";
			sourceTree = "<group>";
		};
/* End PBXGroup section */

/* Begin PBXNativeTarget section */
		683ABB841EDFB37D00DDA23F /* uthink tutorial UI 1 */ = {
			isa = PBXNativeTarget;
			buildConfigurationList = 683ABBAD1EDFB37D00DDA23F /* Build configuration list for PBXNativeTarget "uthink tutorial UI 1" */;
			buildPhases = (
				683ABB811EDFB37D00DDA23F /* Sources */,
				683ABB821EDFB37D00DDA23F /* Frameworks */,
				683ABB831EDFB37D00DDA23F /* Resources */,
			);
			buildRules = (
			);
			dependencies = (
			);
			name = "uthink tutorial UI 1";
			productName = "uthink tutorial UI 1";
			productReference = 683ABB851EDFB37D00DDA23F /* uthink tutorial UI 1.app */;
			productType = "com.apple.product-type.application";
		};
		683ABB981EDFB37D00DDA23F /* uthink tutorial UI 1Tests */ = {
			isa = PBXNativeTarget;
			buildConfigurationList = 683ABBB01EDFB37D00DDA23F /* Build configuration list for PBXNativeTarget "uthink tutorial UI 1Tests" */;
			buildPhases = (
				683ABB951EDFB37D00DDA23F /* Sources */,
				683ABB961EDFB37D00DDA23F /* Frameworks */,
				683ABB971EDFB37D00DDA23F /* Resources */,
			);
			buildRules = (
			);
			dependencies = (
				683ABB9B1EDFB37D00DDA23F /* PBXTargetDependency */,
			);
			name = "uthink tutorial UI 1Tests";
			productName = "uthink tutorial UI 1Tests";
			productReference = 683ABB991EDFB37D00DDA23F /* uthink tutorial UI 1Tests.xctest */;
			productType = "com.apple.product-type.bundle.unit-test";
		};
		683ABBA31EDFB37D00DDA23F /* uthink tutorial UI 1UITests */ = {
			isa = PBXNativeTarget;
			buildConfigurationList = 683ABBB31EDFB37D00DDA23F /* Build configuration list for PBXNativeTarget "uthink tutorial UI 1UITests" */;
			buildPhases = (
				683ABBA01EDFB37D00DDA23F /* Sources */,
				683ABBA11EDFB37D00DDA23F /* Frameworks */,
				683ABBA21EDFB37D00DDA23F /* Resources */,
			);
			buildRules = (
			);
			dependencies = (
				683ABBA61EDFB37D00DDA23F /* PBXTargetDependency */,
			);
			name = "uthink tutorial UI 1UITests";
			productName = "uthink tutorial UI 1UITests";
			productReference = 683ABBA41EDFB37D00DDA23F /* uthink tutorial UI 1UITests.xctest */;
			productType = "com.apple.product-type.bundle.ui-testing";
		};
/* End PBXNativeTarget section */

/* Begin PBXProject section */
		683ABB7D1EDFB37D00DDA23F /* Project object */ = {
			isa = PBXProject;
			attributes = {
				LastSwiftUpdateCheck = 0830;
				LastUpgradeCheck = 0830;
				ORGANIZATIONNAME = "Kelvin Tse";
				TargetAttributes = {
					683ABB841EDFB37D00DDA23F = {
						CreatedOnToolsVersion = 8.3.2;
						ProvisioningStyle = Automatic;
					};
					683ABB981EDFB37D00DDA23F = {
						CreatedOnToolsVersion = 8.3.2;
						ProvisioningStyle = Automatic;
						TestTargetID = 683ABB841EDFB37D00DDA23F;
					};
					683ABBA31EDFB37D00DDA23F = {
						CreatedOnToolsVersion = 8.3.2;
						ProvisioningStyle = Automatic;
						TestTargetID = 683ABB841EDFB37D00DDA23F;
					};
				};
			};
			buildConfigurationList = 683ABB801EDFB37D00DDA23F /* Build configuration list for PBXProject "uthink tutorial UI 1" */;
			compatibilityVersion = "Xcode 3.2";
			developmentRegion = English;
			hasScannedForEncodings = 0;
			knownRegions = (
				en,
				Base,
			);
			mainGroup = 683ABB7C1EDFB37D00DDA23F;
			productRefGroup = 683ABB861EDFB37D00DDA23F /* Products */;
			projectDirPath = "";
			projectRoot = "";
			targets = (
				683ABB841EDFB37D00DDA23F /* uthink tutorial UI 1 */,
				683ABB981EDFB37D00DDA23F /* uthink tutorial UI 1Tests */,
				683ABBA31EDFB37D00DDA23F /* uthink tutorial UI 1UITests */,
			);
		};
/* End PBXProject section */

/* Begin PBXResourcesBuildPhase section */
		683ABB831EDFB37D00DDA23F /* Resources */ = {
			isa = PBXResourcesBuildPhase;
			buildActionMask = 2147483647;
			files = (
				683ABB931EDFB37D00DDA23F /* LaunchScreen.storyboard in Resources */,
				683ABB901EDFB37D00DDA23F /* Assets.xcassets in Resources */,
				683ABB8E1EDFB37D00DDA23F /* Main.storyboard in Resources */,
			);
			runOnlyForDeploymentPostprocessing = 0;
		};
		683ABB971EDFB37D00DDA23F /* Resources */ = {
			isa = PBXResourcesBuildPhase;
			buildActionMask = 2147483647;
			files = (
			);
			runOnlyForDeploymentPostprocessing = 0;
		};
		683ABBA21EDFB37D00DDA23F /* Resources */ = {
			isa = PBXResourcesBuildPhase;
			buildActionMask = 2147483647;
			files = (
			);
			runOnlyForDeploymentPostprocessing = 0;
		};
/* End PBXResourcesBuildPhase section */

/* Begin PBXSourcesBuildPhase section */
		683ABB811EDFB37D00DDA23F /* Sources */ = {
			isa = PBXSourcesBuildPhase;
			buildActionMask = 2147483647;
			files = (
				683ABB8B1EDFB37D00DDA23F /* ViewController.swift in Sources */,
				683ABB891EDFB37D00DDA23F /* AppDelegate.swift in Sources */,
			);
			runOnlyForDeploymentPostprocessing = 0;
		};
		683ABB951EDFB37D00DDA23F /* Sources */ = {
			isa = PBXSourcesBuildPhase;
			buildActionMask = 2147483647;
			files = (
				683ABB9E1EDFB37D00DDA23F /* uthink_tutorial_UI_1Tests.swift in Sources */,
			);
			runOnlyForDeploymentPostprocessing = 0;
		};
		683ABBA01EDFB37D00DDA23F /* Sources */ = {
			isa = PBXSourcesBuildPhase;
			buildActionMask = 2147483647;
			files = (
				683ABBA91EDFB37D00DDA23F /* uthink_tutorial_UI_1UITests.swift in Sources */,
			);
			runOnlyForDeploymentPostprocessing = 0;
		};
/* End PBXSourcesBuildPhase section */

/* Begin PBXTargetDependency section */
		683ABB9B1EDFB37D00DDA23F /* PBXTargetDependency */ = {
			isa = PBXTargetDependency;
			target = 683ABB841EDFB37D00DDA23F /* uthink tutorial UI 1 */;
			targetProxy = 683ABB9A1EDFB37D00DDA23F /* PBXContainerItemProxy */;
		};
		683ABBA61EDFB37D00DDA23F /* PBXTargetDependency */ = {
			isa = PBXTargetDependency;
			target = 683ABB841EDFB37D00DDA23F /* uthink tutorial UI 1 */;
			targetProxy = 683ABBA51EDFB37D00DDA23F /* PBXContainerItemProxy */;
		};
/* End PBXTargetDependency section */

/* Begin PBXVariantGroup section */
		683ABB8C1EDFB37D00DDA23F /* Main.storyboard */ = {
			isa = PBXVariantGroup;
			children = (
				683ABB8D1EDFB37D00DDA23F /* Base */,
			);
			name = Main.storyboard;
			sourceTree = "<group>";
		};
		683ABB911EDFB37D00DDA23F /* LaunchScreen.storyboard */ = {
			isa = PBXVariantGroup;
			children = (
				683ABB921EDFB37D00DDA23F /* Base */,
			);
			name = LaunchScreen.storyboard;
			sourceTree = "<group>";
		};
/* End PBXVariantGroup section */

/* Begin XCBuildConfiguration section */
		683ABBAB1EDFB37D00DDA23F /* Debug */ = {
			isa = XCBuildConfiguration;
			buildSettings = {
				ALWAYS_SEARCH_USER_PATHS = NO;
				CLANG_ANALYZER_NONNULL = YES;
				CLANG_ANALYZER_NUMBER_OBJECT_CONVERSION = YES_AGGRESSIVE;
				CLANG_CXX_LANGUAGE_STANDARD = "gnu++0x";
				CLANG_CXX_LIBRARY = "libc++";
				CLANG_ENABLE_MODULES = YES;
				CLANG_ENABLE_OBJC_ARC = YES;
				CLANG_WARN_BOOL_CONVERSION = YES;
				CLANG_WARN_CONSTANT_CONVERSION = YES;
				CLANG_WARN_DIRECT_OBJC_ISA_USAGE = YES_ERROR;
				CLANG_WARN_DOCUMENTATION_COMMENTS = YES;
				CLANG_WARN_EMPTY_BODY = YES;
				CLANG_WARN_ENUM_CONVERSION = YES;
				CLANG_WARN_INFINITE_RECURSION = YES;
				CLANG_WARN_INT_CONVERSION = YES;
				CLANG_WARN_OBJC_ROOT_CLASS = YES_ERROR;
				CLANG_WARN_SUSPICIOUS_MOVE = YES;
				CLANG_WARN_UNREACHABLE_CODE = YES;
				CLANG_WARN__DUPLICATE_METHOD_MATCH = YES;
				"CODE_SIGN_IDENTITY[sdk=iphoneos*]" = "iPhone Developer";
				COPY_PHASE_STRIP = NO;
				DEBUG_INFORMATION_FORMAT = dwarf;
				ENABLE_STRICT_OBJC_MSGSEND = YES;
				ENABLE_TESTABILITY = YES;
				GCC_C_LANGUAGE_STANDARD = gnu99;
				GCC_DYNAMIC_NO_PIC = NO;
				GCC_NO_COMMON_BLOCKS = YES;
				GCC_OPTIMIZATION_LEVEL = 0;
				GCC_PREPROCESSOR_DEFINITIONS = (
					"DEBUG=1",
					"$(inherited)",
				);
				GCC_WARN_64_TO_32_BIT_CONVERSION = YES;
				GCC_WARN_ABOUT_RETURN_TYPE = YES_ERROR;
				GCC_WARN_UNDECLARED_SELECTOR = YES;
				GCC_WARN_UNINITIALIZED_AUTOS = YES_AGGRESSIVE;
				GCC_WARN_UNUSED_FUNCTION = YES;
				GCC_WARN_UNUSED_VARIABLE = YES;
				IPHONEOS_DEPLOYMENT_TARGET = 10.3;
				MTL_ENABLE_DEBUG_INFO = YES;
				ONLY_ACTIVE_ARCH = YES;
				SDKROOT = iphoneos;
				SWIFT_ACTIVE_COMPILATION_CONDITIONS = DEBUG;
				SWIFT_OPTIMIZATION_LEVEL = "-Onone";
			};
			name = Debug;
		};
		683ABBAC1EDFB37D00DDA23F /* Release */ = {
			isa = XCBuildConfiguration;
			buildSettings = {
				ALWAYS_SEARCH_USER_PATHS = NO;
				CLANG_ANALYZER_NONNULL = YES;
				CLANG_ANALYZER_NUMBER_OBJECT_CONVERSION = YES_AGGRESSIVE;
				CLANG_CXX_LANGUAGE_STANDARD = "gnu++0x";
				CLANG_CXX_LIBRARY = "libc++";
				CLANG_ENABLE_MODULES = YES;
				CLANG_ENABLE_OBJC_ARC = YES;
				CLANG_WARN_BOOL_CONVERSION = YES;
				CLANG_WARN_CONSTANT_CONVERSION = YES;
				CLANG_WARN_DIRECT_OBJC_ISA_USAGE = YES_ERROR;
				CLANG_WARN_DOCUMENTATION_COMMENTS = YES;
				CLANG_WARN_EMPTY_BODY = YES;
				CLANG_WARN_ENUM_CONVERSION = YES;
				CLANG_WARN_INFINITE_RECURSION = YES;
				CLANG_WARN_INT_CONVERSION = YES;
				CLANG_WARN_OBJC_ROOT_CLASS = YES_ERROR;
				CLANG_WARN_SUSPICIOUS_MOVE = YES;
				CLANG_WARN_UNREACHABLE_CODE = YES;
				CLANG_WARN__DUPLICATE_METHOD_MATCH = YES;
				"CODE_SIGN_IDENTITY[sdk=iphoneos*]" = "iPhone Developer";
				COPY_PHASE_STRIP = NO;
				DEBUG_INFORMATION_FORMAT = "dwarf-with-dsym";
				ENABLE_NS_ASSERTIONS = NO;
				ENABLE_STRICT_OBJC_MSGSEND = YES;
				GCC_C_LANGUAGE_STANDARD = gnu99;
				GCC_NO_COMMON_BLOCKS = YES;
				GCC_WARN_64_TO_32_BIT_CONVERSION = YES;
				GCC_WARN_ABOUT_RETURN_TYPE = YES_ERROR;
				GCC_WARN_UNDECLARED_SELECTOR = YES;
				GCC_WARN_UNINITIALIZED_AUTOS = YES_AGGRESSIVE;
				GCC_WARN_UNUSED_FUNCTION = YES;
				GCC_WARN_UNUSED_VARIABLE = YES;
				IPHONEOS_DEPLOYMENT_TARGET = 10.3;
				MTL_ENABLE_DEBUG_INFO = NO;
				SDKROOT = iphoneos;
				SWIFT_OPTIMIZATION_LEVEL = "-Owholemodule";
				VALIDATE_PRODUCT = YES;
			};
			name = Release;
		};
		683ABBAE1EDFB37D00DDA23F /* Debug */ = {
			isa = XCBuildConfiguration;
			buildSettings = {
				ASSETCATALOG_COMPILER_APPICON_NAME = AppIcon;
				INFOPLIST_FILE = "uthink tutorial UI 1/Info.plist";
				LD_RUNPATH_SEARCH_PATHS = "$(inherited) @executable_path/Frameworks";
				PRODUCT_BUNDLE_IDENTIFIER = "ehealth.uthink-tutorial-UI-1";
				PRODUCT_NAME = "$(TARGET_NAME)";
				SWIFT_VERSION = 3.0;
			};
			name = Debug;
		};
		683ABBAF1EDFB37D00DDA23F /* Release */ = {
			isa = XCBuildConfiguration;
			buildSettings = {
				ASSETCATALOG_COMPILER_APPICON_NAME = AppIcon;
				INFOPLIST_FILE = "uthink tutorial UI 1/Info.plist";
				LD_RUNPATH_SEARCH_PATHS = "$(inherited) @executable_path/Frameworks";
				PRODUCT_BUNDLE_IDENTIFIER = "ehealth.uthink-tutorial-UI-1";
				PRODUCT_NAME = "$(TARGET_NAME)";
				SWIFT_VERSION = 3.0;
			};
			name = Release;
		};
		683ABBB11EDFB37D00DDA23F /* Debug */ = {
			isa = XCBuildConfiguration;
			buildSettings = {
				ALWAYS_EMBED_SWIFT_STANDARD_LIBRARIES = YES;
				BUNDLE_LOADER = "$(TEST_HOST)";
				INFOPLIST_FILE = "uthink tutorial UI 1Tests/Info.plist";
				LD_RUNPATH_SEARCH_PATHS = "$(inherited) @executable_path/Frameworks @loader_path/Frameworks";
				PRODUCT_BUNDLE_IDENTIFIER = "ehealth.uthink-tutorial-UI-1Tests";
				PRODUCT_NAME = "$(TARGET_NAME)";
				SWIFT_VERSION = 3.0;
				TEST_HOST = "$(BUILT_PRODUCTS_DIR)/uthink tutorial UI 1.app/uthink tutorial UI 1";
			};
			name = Debug;
		};
		683ABBB21EDFB37D00DDA23F /* Release */ = {
			isa = XCBuildConfiguration;
			buildSettings = {
				ALWAYS_EMBED_SWIFT_STANDARD_LIBRARIES = YES;
				BUNDLE_LOADER = "$(TEST_HOST)";
				INFOPLIST_FILE = "uthink tutorial UI 1Tests/Info.plist";
				LD_RUNPATH_SEARCH_PATHS = "$(inherited) @executable_path/Frameworks @loader_path/Frameworks";
				PRODUCT_BUNDLE_IDENTIFIER = "ehealth.uthink-tutorial-UI-1Tests";
				PRODUCT_NAME = "$(TARGET_NAME)";
				SWIFT_VERSION = 3.0;
				TEST_HOST = "$(BUILT_PRODUCTS_DIR)/uthink tutorial UI 1.app/uthink tutorial UI 1";
			};
			name = Release;
		};
		683ABBB41EDFB37D00DDA23F /* Debug */ = {
			isa = XCBuildConfiguration;
			buildSettings = {
				ALWAYS_EMBED_SWIFT_STANDARD_LIBRARIES = YES;
				INFOPLIST_FILE = "uthink tutorial UI 1UITests/Info.plist";
				LD_RUNPATH_SEARCH_PATHS = "$(inherited) @executable_path/Frameworks @loader_path/Frameworks";
				PRODUCT_BUNDLE_IDENTIFIER = "ehealth.uthink-tutorial-UI-1UITests";
				PRODUCT_NAME = "$(TARGET_NAME)";
				SWIFT_VERSION = 3.0;
				TEST_TARGET_NAME = "uthink tutorial UI 1";
			};
			name = Debug;
		};
		683ABBB51EDFB37D00DDA23F /* Release */ = {
			isa = XCBuildConfiguration;
			buildSettings = {
				ALWAYS_EMBED_SWIFT_STANDARD_LIBRARIES = YES;
				INFOPLIST_FILE = "uthink tutorial UI 1UITests/Info.plist";
				LD_RUNPATH_SEARCH_PATHS = "$(inherited) @executable_path/Frameworks @loader_path/Frameworks";
				PRODUCT_BUNDLE_IDENTIFIER = "ehealth.uthink-tutorial-UI-1UITests";
				PRODUCT_NAME = "$(TARGET_NAME)";
				SWIFT_VERSION = 3.0;
				TEST_TARGET_NAME = "uthink tutorial UI 1";
			};
			name = Release;
		};
/* End XCBuildConfiguration section */

/* Begin XCConfigurationList section */
		683ABB801EDFB37D00DDA23F /* Build configuration list for PBXProject "uthink tutorial UI 1" */ = {
			isa = XCConfigurationList;
			buildConfigurations = (
				683ABBAB1EDFB37D00DDA23F /* Debug */,
				683ABBAC1EDFB37D00DDA23F /* Release */,
			);
			defaultConfigurationIsVisible = 0;
			defaultConfigurationName = Release;
		};
		683ABBAD1EDFB37D00DDA23F /* Build configuration list for PBXNativeTarget "uthink tutorial UI 1" */ = {
			isa = XCConfigurationList;
			buildConfigurations = (
				683ABBAE1EDFB37D00DDA23F /* Debug */,
				683ABBAF1EDFB37D00DDA23F /* Release */,
			);
			defaultConfigurationIsVisible = 0;
		};
		683ABBB01EDFB37D00DDA23F /* Build configuration list for PBXNativeTarget "uthink tutorial UI 1Tests" */ = {
			isa = XCConfigurationList;
			buildConfigurations = (
				683ABBB11EDFB37D00DDA23F /* Debug */,
				683ABBB21EDFB37D00DDA23F /* Release */,
			);
			defaultConfigurationIsVisible = 0;
		};
		683ABBB31EDFB37D00DDA23F /* Build configuration list for PBXNativeTarget "uthink tutorial UI 1UITests" */ = {
			isa = XCConfigurationList;
			buildConfigurations = (
				683ABBB41EDFB37D00DDA23F /* Debug */,
				683ABBB51EDFB37D00DDA23F /* Release */,
			);
			defaultConfigurationIsVisible = 0;
		};
/* End XCConfigurationList section */
	};
	rootObject = 683ABB7D1EDFB37D00DDA23F /* Project object */;
}
